
Microsoft Visual Studio Solution File, Format Version 12.00
# Visual Studio Version 17
VisualStudioVersion = 17.2.32526.322
MinimumVisualStudioVersion = 10.0.40219.1
Project("{FAE04EC0-301F-11D3-BF4B-00C04F79EFBC}") = "AutoTask.UI", "AutoTask\AutoTask.UI.csproj", "{CDB3C213-171C-4581-A664-E3C5E159F5F9}"
EndProject
Project("{FAE04EC0-301F-11D3-BF4B-00C04F79EFBC}") = "AutoTask.Domain", "DomainModule\AutoTask.Domain.csproj", "{6AE2EAF5-FA62-48BB-8A04-F308E2606DBD}"
EndProject
Project("{FAE04EC0-301F-11D3-BF4B-00C04F79EFBC}") = "AutoTask.Shared", "Infrastructure\AutoTask.Shared.csproj", "{D04B6921-CA5D-48E6-BDE6-7D306434BD94}"
EndProject
Global
	GlobalSection(SolutionConfigurationPlatforms) = preSolution
		Debug|Any CPU = Debug|Any CPU
		Release|Any CPU = Release|Any CPU
	EndGlobalSection
	GlobalSection(ProjectConfigurationPlatforms) = postSolution
		{CDB3C213-171C-4581-A664-E3C5E159F5F9}.Debug|Any CPU.ActiveCfg = Debug|Any CPU
		{CDB3C213-171C-4581-A664-E3C5E159F5F9}.Debug|Any CPU.Build.0 = Debug|Any CPU
		{CDB3C213-171C-4581-A664-E3C5E159F5F9}.Release|Any CPU.ActiveCfg = Release|Any CPU
		{CDB3C213-171C-4581-A664-E3C5E159F5F9}.Release|Any CPU.Build.0 = Release|Any CPU
		{6AE2EAF5-FA62-48BB-8A04-F308E2606DBD}.Debug|Any CPU.ActiveCfg = Debug|Any CPU
		{6AE2EAF5-FA62-48BB-8A04-F308E2606DBD}.Debug|Any CPU.Build.0 = Debug|Any CPU
		{6AE2EAF5-FA62-48BB-8A04-F308E2606DBD}.Release|Any CPU.ActiveCfg = Release|Any CPU
		{6AE2EAF5-FA62-48BB-8A04-F308E2606DBD}.Release|Any CPU.Build.0 = Release|Any CPU
		{D04B6921-CA5D-48E6-BDE6-7D306434BD94}.Debug|Any CPU.ActiveCfg = Debug|Any CPU
		{D04B6921-CA5D-48E6-BDE6-7D306434BD94}.Debug|Any CPU.Build.0 = Debug|Any CPU
		{D04B6921-CA5D-48E6-BDE6-7D306434BD94}.Release|Any CPU.ActiveCfg = Release|Any CPU
		{D04B6921-CA5D-48E6-BDE6-7D306434BD94}.Release|Any CPU.Build.0 = Release|Any CPU
	EndGlobalSection
	GlobalSection(SolutionProperties) = preSolution
		HideSolutionNode = FALSE
	EndGlobalSection
	GlobalSection(ExtensibilityGlobals) = postSolution
		SolutionGuid = {5BE89C82-D8CB-4C00-B0CD-4C671BDA91E1}
	EndGlobalSection
EndGlobal
